
Microsoft Visual Studio Solution File, Format Version 12.00
# Visual Studio 15
VisualStudioVersion = 15.0.27004.2009
MinimumVisualStudioVersion = 10.0.40219.1
Project("{2150E333-8FDC-42A3-9474-1A3956D46DE8}") = "Application", "Application", "{193748CF-6E75-42E9-9C4C-74436ADA5C51}"
EndProject
Project("{2150E333-8FDC-42A3-9474-1A3956D46DE8}") = "Domain", "Domain", "{A854CD3F-F956-404C-93A2-1491FF0951A0}"
EndProject
Project("{9A19103F-16F7-4668-BE54-9A1E7A4F7556}") = "CrawlerDemo.Application.Web", "core\CrawlerDemo.Application.Web\CrawlerDemo.Application.Web.csproj", "{C18BE4D6-796C-4939-B8CE-75E4B9578419}"
EndProject
Project("{2150E333-8FDC-42A3-9474-1A3956D46DE8}") = "DataAccess", "DataAccess", "{4C5FA994-D91B-4F87-A1F0-1EC8614F35DB}"
EndProject
Project("{FAE04EC0-301F-11D3-BF4B-00C04F79EFBC}") = "CrawlerDemo.Domain", "core\CrawlerDemo.Domain\CrawlerDemo.Domain.csproj", "{5ADC8767-85BE-4BBB-BAD5-C38361A247D7}"
EndProject
Global
	GlobalSection(SolutionConfigurationPlatforms) = preSolution
		Debug|Any CPU = Debug|Any CPU
		Release|Any CPU = Release|Any CPU
	EndGlobalSection
	GlobalSection(ProjectConfigurationPlatforms) = postSolution
		{C18BE4D6-796C-4939-B8CE-75E4B9578419}.Debug|Any CPU.ActiveCfg = Debug|Any CPU
		{C18BE4D6-796C-4939-B8CE-75E4B9578419}.Debug|Any CPU.Build.0 = Debug|Any CPU
		{C18BE4D6-796C-4939-B8CE-75E4B9578419}.Release|Any CPU.ActiveCfg = Release|Any CPU
		{C18BE4D6-796C-4939-B8CE-75E4B9578419}.Release|Any CPU.Build.0 = Release|Any CPU
		{5ADC8767-85BE-4BBB-BAD5-C38361A247D7}.Debug|Any CPU.ActiveCfg = Debug|Any CPU
		{5ADC8767-85BE-4BBB-BAD5-C38361A247D7}.Debug|Any CPU.Build.0 = Debug|Any CPU
		{5ADC8767-85BE-4BBB-BAD5-C38361A247D7}.Release|Any CPU.ActiveCfg = Release|Any CPU
		{5ADC8767-85BE-4BBB-BAD5-C38361A247D7}.Release|Any CPU.Build.0 = Release|Any CPU
	EndGlobalSection
	GlobalSection(SolutionProperties) = preSolution
		HideSolutionNode = FALSE
	EndGlobalSection
	GlobalSection(NestedProjects) = preSolution
		{C18BE4D6-796C-4939-B8CE-75E4B9578419} = {193748CF-6E75-42E9-9C4C-74436ADA5C51}
		{5ADC8767-85BE-4BBB-BAD5-C38361A247D7} = {A854CD3F-F956-404C-93A2-1491FF0951A0}
	EndGlobalSection
	GlobalSection(ExtensibilityGlobals) = postSolution
		SolutionGuid = {9D7C211F-7901-45B8-9EB8-4D75E2CDB490}
	EndGlobalSection
EndGlobal
